
Microsoft Visual Studio Solution File, Format Version 12.00
# Visual Studio Version 17
VisualStudioVersion = 17.7.34031.279
MinimumVisualStudioVersion = 10.0.40219.1
Project("{9A19103F-16F7-4668-BE54-9A1E7A4F7556}") = "WinUI3DispatcherQueueUnhandledExceptionRepro", "WinUI3DispatcherQueueUnhandledExceptionRepro\WinUI3DispatcherQueueUnhandledExceptionRepro.csproj", "{7B58DCB7-0D5C-4D13-B4F8-C31A64820FFE}"
EndProject
Global
	GlobalSection(SolutionConfigurationPlatforms) = preSolution
		Debug|ARM64 = Debug|ARM64
		Debug|x64 = Debug|x64
		Debug|x86 = Debug|x86
		Release|ARM64 = Release|ARM64
		Release|x64 = Release|x64
		Release|x86 = Release|x86
	EndGlobalSection
	GlobalSection(ProjectConfigurationPlatforms) = postSolution
		{7B58DCB7-0D5C-4D13-B4F8-C31A64820FFE}.Debug|ARM64.ActiveCfg = Debug|ARM64
		{7B58DCB7-0D5C-4D13-B4F8-C31A64820FFE}.Debug|ARM64.Build.0 = Debug|ARM64
		{7B58DCB7-0D5C-4D13-B4F8-C31A64820FFE}.Debug|ARM64.Deploy.0 = Debug|ARM64
		{7B58DCB7-0D5C-4D13-B4F8-C31A64820FFE}.Debug|x64.ActiveCfg = Debug|x64
		{7B58DCB7-0D5C-4D13-B4F8-C31A64820FFE}.Debug|x64.Build.0 = Debug|x64
		{7B58DCB7-0D5C-4D13-B4F8-C31A64820FFE}.Debug|x64.Deploy.0 = Debug|x64
		{7B58DCB7-0D5C-4D13-B4F8-C31A64820FFE}.Debug|x86.ActiveCfg = Debug|x86
		{7B58DCB7-0D5C-4D13-B4F8-C31A64820FFE}.Debug|x86.Build.0 = Debug|x86
		{7B58DCB7-0D5C-4D13-B4F8-C31A64820FFE}.Debug|x86.Deploy.0 = Debug|x86
		{7B58DCB7-0D5C-4D13-B4F8-C31A64820FFE}.Release|ARM64.ActiveCfg = Release|ARM64
		{7B58DCB7-0D5C-4D13-B4F8-C31A64820FFE}.Release|ARM64.Build.0 = Release|ARM64
		{7B58DCB7-0D5C-4D13-B4F8-C31A64820FFE}.Release|ARM64.Deploy.0 = Release|ARM64
		{7B58DCB7-0D5C-4D13-B4F8-C31A64820FFE}.Release|x64.ActiveCfg = Release|x64
		{7B58DCB7-0D5C-4D13-B4F8-C31A64820FFE}.Release|x64.Build.0 = Release|x64
		{7B58DCB7-0D5C-4D13-B4F8-C31A64820FFE}.Release|x64.Deploy.0 = Release|x64
		{7B58DCB7-0D5C-4D13-B4F8-C31A64820FFE}.Release|x86.ActiveCfg = Release|x86
		{7B58DCB7-0D5C-4D13-B4F8-C31A64820FFE}.Release|x86.Build.0 = Release|x86
		{7B58DCB7-0D5C-4D13-B4F8-C31A64820FFE}.Release|x86.Deploy.0 = Release|x86
	EndGlobalSection
	GlobalSection(SolutionProperties) = preSolution
		HideSolutionNode = FALSE
	EndGlobalSection
	GlobalSection(ExtensibilityGlobals) = postSolution
		SolutionGuid = {251FF800-905B-4C50-9F35-DF99E4ED33C2}
	EndGlobalSection
EndGlobal
